
Microsoft Visual Studio Solution File, Format Version 12.00
# Visual Studio 15
Project("{2150E333-8FDC-42A3-9474-1A3956D46DE8}") = "Solution Items", "Solution Items", "{A4D95DBC-337A-4B13-8A27-5990EDEB402E}"
	ProjectSection(SolutionItems) = preProject
		README.md = README.md
	EndProjectSection
EndProject
Project("{FAE04EC0-301F-11D3-BF4B-00C04F79EFBC}") = "CityBaseAPI", "CityBaseAPI\CityBaseAPI.csproj", "{65D84513-4E02-497D-B345-92FD4682AA69}"
EndProject
Project("{2150E333-8FDC-42A3-9474-1A3956D46DE8}") = "api", "api", "{2369A0A7-01C7-44B0-A0A9-8B2C7613CC08}"
EndProject
Project("{2150E333-8FDC-42A3-9474-1A3956D46DE8}") = "business", "business", "{7E7318AD-4CCB-4884-85B3-EF73839DFDFF}"
EndProject
Project("{2150E333-8FDC-42A3-9474-1A3956D46DE8}") = "data", "data", "{20920AF0-1953-4F02-B42F-2DE63D8F61D3}"
EndProject
Project("{2150E333-8FDC-42A3-9474-1A3956D46DE8}") = "shared", "shared", "{EAE79AC2-87A2-4263-9DA5-DAD20392A1A4}"
EndProject
Project("{FAE04EC0-301F-11D3-BF4B-00C04F79EFBC}") = "CityBaseBusiness", "CityBaseBusiness\test\CityBaseBusiness.csproj", "{F1BEED36-C9B6-4D25-9657-2E7110D73462}"
EndProject
Project("{FAE04EC0-301F-11D3-BF4B-00C04F79EFBC}") = "CityBaseShared", "CityBaseShared\CityBase\CityBaseShared.csproj", "{296D4467-0C54-4163-B8F5-9233DDFC68ED}"
EndProject
Project("{FAE04EC0-301F-11D3-BF4B-00C04F79EFBC}") = "CityBaseData", "CityBaseData\CityBaseData.csproj", "{D0F1BA81-07C6-4948-A135-6413299384DB}"
EndProject
Global
	GlobalSection(SolutionConfigurationPlatforms) = preSolution
		Debug|Any CPU = Debug|Any CPU
		Release|Any CPU = Release|Any CPU
	EndGlobalSection
	GlobalSection(ProjectConfigurationPlatforms) = postSolution
		{65D84513-4E02-497D-B345-92FD4682AA69}.Debug|Any CPU.ActiveCfg = Debug|Any CPU
		{65D84513-4E02-497D-B345-92FD4682AA69}.Debug|Any CPU.Build.0 = Debug|Any CPU
		{65D84513-4E02-497D-B345-92FD4682AA69}.Release|Any CPU.ActiveCfg = Release|Any CPU
		{65D84513-4E02-497D-B345-92FD4682AA69}.Release|Any CPU.Build.0 = Release|Any CPU
		{F1BEED36-C9B6-4D25-9657-2E7110D73462}.Debug|Any CPU.ActiveCfg = Debug|Any CPU
		{F1BEED36-C9B6-4D25-9657-2E7110D73462}.Debug|Any CPU.Build.0 = Debug|Any CPU
		{F1BEED36-C9B6-4D25-9657-2E7110D73462}.Release|Any CPU.ActiveCfg = Release|Any CPU
		{F1BEED36-C9B6-4D25-9657-2E7110D73462}.Release|Any CPU.Build.0 = Release|Any CPU
		{296D4467-0C54-4163-B8F5-9233DDFC68ED}.Debug|Any CPU.ActiveCfg = Debug|Any CPU
		{296D4467-0C54-4163-B8F5-9233DDFC68ED}.Debug|Any CPU.Build.0 = Debug|Any CPU
		{296D4467-0C54-4163-B8F5-9233DDFC68ED}.Release|Any CPU.ActiveCfg = Release|Any CPU
		{296D4467-0C54-4163-B8F5-9233DDFC68ED}.Release|Any CPU.Build.0 = Release|Any CPU
		{D0F1BA81-07C6-4948-A135-6413299384DB}.Debug|Any CPU.ActiveCfg = Debug|Any CPU
		{D0F1BA81-07C6-4948-A135-6413299384DB}.Debug|Any CPU.Build.0 = Debug|Any CPU
		{D0F1BA81-07C6-4948-A135-6413299384DB}.Release|Any CPU.ActiveCfg = Release|Any CPU
		{D0F1BA81-07C6-4948-A135-6413299384DB}.Release|Any CPU.Build.0 = Release|Any CPU
	EndGlobalSection
	GlobalSection(NestedProjects) = preSolution
		{65D84513-4E02-497D-B345-92FD4682AA69} = {2369A0A7-01C7-44B0-A0A9-8B2C7613CC08}
		{2369A0A7-01C7-44B0-A0A9-8B2C7613CC08} = {A4D95DBC-337A-4B13-8A27-5990EDEB402E}
		{7E7318AD-4CCB-4884-85B3-EF73839DFDFF} = {A4D95DBC-337A-4B13-8A27-5990EDEB402E}
		{20920AF0-1953-4F02-B42F-2DE63D8F61D3} = {A4D95DBC-337A-4B13-8A27-5990EDEB402E}
		{EAE79AC2-87A2-4263-9DA5-DAD20392A1A4} = {A4D95DBC-337A-4B13-8A27-5990EDEB402E}
		{F1BEED36-C9B6-4D25-9657-2E7110D73462} = {7E7318AD-4CCB-4884-85B3-EF73839DFDFF}
		{296D4467-0C54-4163-B8F5-9233DDFC68ED} = {EAE79AC2-87A2-4263-9DA5-DAD20392A1A4}
		{D0F1BA81-07C6-4948-A135-6413299384DB} = {20920AF0-1953-4F02-B42F-2DE63D8F61D3}
	EndGlobalSection
EndGlobal
